
Microsoft Visual Studio Solution File, Format Version 12.00
# Visual Studio 14
VisualStudioVersion = 14.0.25420.1
MinimumVisualStudioVersion = 10.0.40219.1
Project("{2150E333-8FDC-42A3-9474-1A3956D46DE8}") = "Sample", "Sample", "{60069A27-E4E4-4F95-9FFA-9ED98055FE26}"
EndProject
Project("{FAE04EC0-301F-11D3-BF4B-00C04F79EFBC}") = "IncrementalListViewSample", "IncrementalListViewSample\IncrementalListViewSample\IncrementalListViewSample.csproj", "{4AD2518E-5801-410A-B48C-37462B679E17}"
EndProject
Project("{FAE04EC0-301F-11D3-BF4B-00C04F79EFBC}") = "IncrementalListViewSample.Droid", "IncrementalListViewSample\IncrementalListViewSample.Droid\IncrementalListViewSample.Droid.csproj", "{954A945C-E089-40F7-B5F5-E92EA4F956BB}"
EndProject
Project("{FAE04EC0-301F-11D3-BF4B-00C04F79EFBC}") = "IncrementalListViewSample.iOS", "IncrementalListViewSample\IncrementalListViewSample.iOS\IncrementalListViewSample.iOS.csproj", "{8FD7CA76-DA71-4323-B7C3-4413060C9C8D}"
EndProject
Project("{FAE04EC0-301F-11D3-BF4B-00C04F79EFBC}") = "IncrementalListViewSample.UWP", "IncrementalListViewSample\IncrementalListViewSample.UWP\IncrementalListViewSample.UWP.csproj", "{654A3B6D-74E9-4756-81BB-CF0D1FD7A2C9}"
EndProject
Project("{FAE04EC0-301F-11D3-BF4B-00C04F79EFBC}") = "IncrementalListViewSample.Windows", "IncrementalListViewSample\IncrementalListViewSample.Windows\IncrementalListViewSample.Windows.csproj", "{9956A261-DE95-4213-92A2-3C3E0F783657}"
EndProject
Project("{FAE04EC0-301F-11D3-BF4B-00C04F79EFBC}") = "IncrementalListViewSample.WinPhone", "IncrementalListViewSample\IncrementalListViewSample.WinPhone\IncrementalListViewSample.WinPhone.csproj", "{E71B3B5F-BCE4-409B-9FD2-F908E290ABA5}"
EndProject
Project("{FAE04EC0-301F-11D3-BF4B-00C04F79EFBC}") = "IncrementalListView.FormsPlugin", "IncrementalListView\IncrementalListView.FormsPlugin\IncrementalListView.FormsPlugin.csproj", "{14C534B6-1984-41A9-A384-D3A5508588E3}"
EndProject
Global
	GlobalSection(SolutionConfigurationPlatforms) = preSolution
		Ad-Hoc|Any CPU = Ad-Hoc|Any CPU
		Ad-Hoc|ARM = Ad-Hoc|ARM
		Ad-Hoc|iPhone = Ad-Hoc|iPhone
		Ad-Hoc|iPhoneSimulator = Ad-Hoc|iPhoneSimulator
		Ad-Hoc|x64 = Ad-Hoc|x64
		Ad-Hoc|x86 = Ad-Hoc|x86
		AppStore|Any CPU = AppStore|Any CPU
		AppStore|ARM = AppStore|ARM
		AppStore|iPhone = AppStore|iPhone
		AppStore|iPhoneSimulator = AppStore|iPhoneSimulator
		AppStore|x64 = AppStore|x64
		AppStore|x86 = AppStore|x86
		Debug|Any CPU = Debug|Any CPU
		Debug|ARM = Debug|ARM
		Debug|iPhone = Debug|iPhone
		Debug|iPhoneSimulator = Debug|iPhoneSimulator
		Debug|x64 = Debug|x64
		Debug|x86 = Debug|x86
		Release|Any CPU = Release|Any CPU
		Release|ARM = Release|ARM
		Release|iPhone = Release|iPhone
		Release|iPhoneSimulator = Release|iPhoneSimulator
		Release|x64 = Release|x64
		Release|x86 = Release|x86
	EndGlobalSection
	GlobalSection(ProjectConfigurationPlatforms) = postSolution
		{4AD2518E-5801-410A-B48C-37462B679E17}.Ad-Hoc|Any CPU.ActiveCfg = Release|Any CPU
		{4AD2518E-5801-410A-B48C-37462B679E17}.Ad-Hoc|Any CPU.Build.0 = Release|Any CPU
		{4AD2518E-5801-410A-B48C-37462B679E17}.Ad-Hoc|ARM.ActiveCfg = Release|Any CPU
		{4AD2518E-5801-410A-B48C-37462B679E17}.Ad-Hoc|ARM.Build.0 = Release|Any CPU
		{4AD2518E-5801-410A-B48C-37462B679E17}.Ad-Hoc|iPhone.ActiveCfg = Release|Any CPU
		{4AD2518E-5801-410A-B48C-37462B679E17}.Ad-Hoc|iPhone.Build.0 = Release|Any CPU
		{4AD2518E-5801-410A-B48C-37462B679E17}.Ad-Hoc|iPhoneSimulator.ActiveCfg = Release|Any CPU
		{4AD2518E-5801-410A-B48C-37462B679E17}.Ad-Hoc|iPhoneSimulator.Build.0 = Release|Any CPU
		{4AD2518E-5801-410A-B48C-37462B679E17}.Ad-Hoc|x64.ActiveCfg = Release|Any CPU
		{4AD2518E-5801-410A-B48C-37462B679E17}.Ad-Hoc|x64.Build.0 = Release|Any CPU
		{4AD2518E-5801-410A-B48C-37462B679E17}.Ad-Hoc|x86.ActiveCfg = Release|Any CPU
		{4AD2518E-5801-410A-B48C-37462B679E17}.Ad-Hoc|x86.Build.0 = Release|Any CPU
		{4AD2518E-5801-410A-B48C-37462B679E17}.AppStore|Any CPU.ActiveCfg = Release|Any CPU
		{4AD2518E-5801-410A-B48C-37462B679E17}.AppStore|Any CPU.Build.0 = Release|Any CPU
		{4AD2518E-5801-410A-B48C-37462B679E17}.AppStore|ARM.ActiveCfg = Release|Any CPU
		{4AD2518E-5801-410A-B48C-37462B679E17}.AppStore|ARM.Build.0 = Release|Any CPU
		{4AD2518E-5801-410A-B48C-37462B679E17}.AppStore|iPhone.ActiveCfg = Release|Any CPU
		{4AD2518E-5801-410A-B48C-37462B679E17}.AppStore|iPhone.Build.0 = Release|Any CPU
		{4AD2518E-5801-410A-B48C-37462B679E17}.AppStore|iPhoneSimulator.ActiveCfg = Release|Any CPU
		{4AD2518E-5801-410A-B48C-37462B679E17}.AppStore|iPhoneSimulator.Build.0 = Release|Any CPU
		{4AD2518E-5801-410A-B48C-37462B679E17}.AppStore|x64.ActiveCfg = Release|Any CPU
		{4AD2518E-5801-410A-B48C-37462B679E17}.AppStore|x64.Build.0 = Release|Any CPU
		{4AD2518E-5801-410A-B48C-37462B679E17}.AppStore|x86.ActiveCfg = Release|Any CPU
		{4AD2518E-5801-410A-B48C-37462B679E17}.AppStore|x86.Build.0 = Release|Any CPU
		{4AD2518E-5801-410A-B48C-37462B679E17}.Debug|Any CPU.ActiveCfg = Debug|Any CPU
		{4AD2518E-5801-410A-B48C-37462B679E17}.Debug|Any CPU.Build.0 = Debug|Any CPU
		{4AD2518E-5801-410A-B48C-37462B679E17}.Debug|ARM.ActiveCfg = Debug|Any CPU
		{4AD2518E-5801-410A-B48C-37462B679E17}.Debug|ARM.Build.0 = Debug|Any CPU
		{4AD2518E-5801-410A-B48C-37462B679E17}.Debug|iPhone.ActiveCfg = Debug|Any CPU
		{4AD2518E-5801-410A-B48C-37462B679E17}.Debug|iPhone.Build.0 = Debug|Any CPU
		{4AD2518E-5801-410A-B48C-37462B679E17}.Debug|iPhoneSimulator.ActiveCfg = Debug|Any CPU
		{4AD2518E-5801-410A-B48C-37462B679E17}.Debug|iPhoneSimulator.Build.0 = Debug|Any CPU
		{4AD2518E-5801-410A-B48C-37462B679E17}.Debug|x64.ActiveCfg = Debug|Any CPU
		{4AD2518E-5801-410A-B48C-37462B679E17}.Debug|x64.Build.0 = Debug|Any CPU
		{4AD2518E-5801-410A-B48C-37462B679E17}.Debug|x86.ActiveCfg = Debug|Any CPU
		{4AD2518E-5801-410A-B48C-37462B679E17}.Debug|x86.Build.0 = Debug|Any CPU
		{4AD2518E-5801-410A-B48C-37462B679E17}.Release|Any CPU.ActiveCfg = Release|Any CPU
		{4AD2518E-5801-410A-B48C-37462B679E17}.Release|Any CPU.Build.0 = Release|Any CPU
		{4AD2518E-5801-410A-B48C-37462B679E17}.Release|ARM.ActiveCfg = Release|Any CPU
		{4AD2518E-5801-410A-B48C-37462B679E17}.Release|ARM.Build.0 = Release|Any CPU
		{4AD2518E-5801-410A-B48C-37462B679E17}.Release|iPhone.ActiveCfg = Release|Any CPU
		{4AD2518E-5801-410A-B48C-37462B679E17}.Release|iPhone.Build.0 = Release|Any CPU
		{4AD2518E-5801-410A-B48C-37462B679E17}.Release|iPhoneSimulator.ActiveCfg = Release|Any CPU
		{4AD2518E-5801-410A-B48C-37462B679E17}.Release|iPhoneSimulator.Build.0 = Release|Any CPU
		{4AD2518E-5801-410A-B48C-37462B679E17}.Release|x64.ActiveCfg = Release|Any CPU
		{4AD2518E-5801-410A-B48C-37462B679E17}.Release|x64.Build.0 = Release|Any CPU
		{4AD2518E-5801-410A-B48C-37462B679E17}.Release|x86.ActiveCfg = Release|Any CPU
		{4AD2518E-5801-410A-B48C-37462B679E17}.Release|x86.Build.0 = Release|Any CPU
		{954A945C-E089-40F7-B5F5-E92EA4F956BB}.Ad-Hoc|Any CPU.ActiveCfg = Release|Any CPU
		{954A945C-E089-40F7-B5F5-E92EA4F956BB}.Ad-Hoc|Any CPU.Build.0 = Release|Any CPU
		{954A945C-E089-40F7-B5F5-E92EA4F956BB}.Ad-Hoc|Any CPU.Deploy.0 = Release|Any CPU
		{954A945C-E089-40F7-B5F5-E92EA4F956BB}.Ad-Hoc|ARM.ActiveCfg = Release|Any CPU
		{954A945C-E089-40F7-B5F5-E92EA4F956BB}.Ad-Hoc|ARM.Build.0 = Release|Any CPU
		{954A945C-E089-40F7-B5F5-E92EA4F956BB}.Ad-Hoc|ARM.Deploy.0 = Release|Any CPU
		{954A945C-E089-40F7-B5F5-E92EA4F956BB}.Ad-Hoc|iPhone.ActiveCfg = Release|Any CPU
		{954A945C-E089-40F7-B5F5-E92EA4F956BB}.Ad-Hoc|iPhone.Build.0 = Release|Any CPU
		{954A945C-E089-40F7-B5F5-E92EA4F956BB}.Ad-Hoc|iPhone.Deploy.0 = Release|Any CPU
		{954A945C-E089-40F7-B5F5-E92EA4F956BB}.Ad-Hoc|iPhoneSimulator.ActiveCfg = Release|Any CPU
		{954A945C-E089-40F7-B5F5-E92EA4F956BB}.Ad-Hoc|iPhoneSimulator.Build.0 = Release|Any CPU
		{954A945C-E089-40F7-B5F5-E92EA4F956BB}.Ad-Hoc|iPhoneSimulator.Deploy.0 = Release|Any CPU
		{954A945C-E089-40F7-B5F5-E92EA4F956BB}.Ad-Hoc|x64.ActiveCfg = Release|Any CPU
		{954A945C-E089-40F7-B5F5-E92EA4F956BB}.Ad-Hoc|x64.Build.0 = Release|Any CPU
		{954A945C-E089-40F7-B5F5-E92EA4F956BB}.Ad-Hoc|x64.Deploy.0 = Release|Any CPU
		{954A945C-E089-40F7-B5F5-E92EA4F956BB}.Ad-Hoc|x86.ActiveCfg = Release|Any CPU
		{954A945C-E089-40F7-B5F5-E92EA4F956BB}.Ad-Hoc|x86.Build.0 = Release|Any CPU
		{954A945C-E089-40F7-B5F5-E92EA4F956BB}.Ad-Hoc|x86.Deploy.0 = Release|Any CPU
		{954A945C-E089-40F7-B5F5-E92EA4F956BB}.AppStore|Any CPU.ActiveCfg = Release|Any CPU
		{954A945C-E089-40F7-B5F5-E92EA4F956BB}.AppStore|Any CPU.Build.0 = Release|Any CPU
		{954A945C-E089-40F7-B5F5-E92EA4F956BB}.AppStore|Any CPU.Deploy.0 = Release|Any CPU
		{954A945C-E089-40F7-B5F5-E92EA4F956BB}.AppStore|ARM.ActiveCfg = Release|Any CPU
		{954A945C-E089-40F7-B5F5-E92EA4F956BB}.AppStore|ARM.Build.0 = Release|Any CPU
		{954A945C-E089-40F7-B5F5-E92EA4F956BB}.AppStore|ARM.Deploy.0 = Release|Any CPU
		{954A945C-E089-40F7-B5F5-E92EA4F956BB}.AppStore|iPhone.ActiveCfg = Release|Any CPU
		{954A945C-E089-40F7-B5F5-E92EA4F956BB}.AppStore|iPhone.Build.0 = Release|Any CPU
		{954A945C-E089-40F7-B5F5-E92EA4F956BB}.AppStore|iPhone.Deploy.0 = Release|Any CPU
		{954A945C-E089-40F7-B5F5-E92EA4F956BB}.AppStore|iPhoneSimulator.ActiveCfg = Release|Any CPU
		{954A945C-E089-40F7-B5F5-E92EA4F956BB}.AppStore|iPhoneSimulator.Build.0 = Release|Any CPU
		{954A945C-E089-40F7-B5F5-E92EA4F956BB}.AppStore|iPhoneSimulator.Deploy.0 = Release|Any CPU
		{954A945C-E089-40F7-B5F5-E92EA4F956BB}.AppStore|x64.ActiveCfg = Release|Any CPU
		{954A945C-E089-40F7-B5F5-E92EA4F956BB}.AppStore|x64.Build.0 = Release|Any CPU
		{954A945C-E089-40F7-B5F5-E92EA4F956BB}.AppStore|x64.Deploy.0 = Release|Any CPU
		{954A945C-E089-40F7-B5F5-E92EA4F956BB}.AppStore|x86.ActiveCfg = Release|Any CPU
		{954A945C-E089-40F7-B5F5-E92EA4F956BB}.AppStore|x86.Build.0 = Release|Any CPU
		{954A945C-E089-40F7-B5F5-E92EA4F956BB}.AppStore|x86.Deploy.0 = Release|Any CPU
		{954A945C-E089-40F7-B5F5-E92EA4F956BB}.Debug|Any CPU.ActiveCfg = Debug|Any CPU
		{954A945C-E089-40F7-B5F5-E92EA4F956BB}.Debug|Any CPU.Build.0 = Debug|Any CPU
		{954A945C-E089-40F7-B5F5-E92EA4F956BB}.Debug|Any CPU.Deploy.0 = Debug|Any CPU
		{954A945C-E089-40F7-B5F5-E92EA4F956BB}.Debug|ARM.ActiveCfg = Debug|Any CPU
		{954A945C-E089-40F7-B5F5-E92EA4F956BB}.Debug|ARM.Build.0 = Debug|Any CPU
		{954A945C-E089-40F7-B5F5-E92EA4F956BB}.Debug|ARM.Deploy.0 = Debug|Any CPU
		{954A945C-E089-40F7-B5F5-E92EA4F956BB}.Debug|iPhone.ActiveCfg = Debug|Any CPU
		{954A945C-E089-40F7-B5F5-E92EA4F956BB}.Debug|iPhone.Build.0 = Debug|Any CPU
		{954A945C-E089-40F7-B5F5-E92EA4F956BB}.Debug|iPhone.Deploy.0 = Debug|Any CPU
		{954A945C-E089-40F7-B5F5-E92EA4F956BB}.Debug|iPhoneSimulator.ActiveCfg = Debug|Any CPU
		{954A945C-E089-40F7-B5F5-E92EA4F956BB}.Debug|iPhoneSimulator.Build.0 = Debug|Any CPU
		{954A945C-E089-40F7-B5F5-E92EA4F956BB}.Debug|iPhoneSimulator.Deploy.0 = Debug|Any CPU
		{954A945C-E089-40F7-B5F5-E92EA4F956BB}.Debug|x64.ActiveCfg = Debug|Any CPU
		{954A945C-E089-40F7-B5F5-E92EA4F956BB}.Debug|x64.Build.0 = Debug|Any CPU
		{954A945C-E089-40F7-B5F5-E92EA4F956BB}.Debug|x64.Deploy.0 = Debug|Any CPU
		{954A945C-E089-40F7-B5F5-E92EA4F956BB}.Debug|x86.ActiveCfg = Debug|Any CPU
		{954A945C-E089-40F7-B5F5-E92EA4F956BB}.Debug|x86.Build.0 = Debug|Any CPU
		{954A945C-E089-40F7-B5F5-E92EA4F956BB}.Debug|x86.Deploy.0 = Debug|Any CPU
		{954A945C-E089-40F7-B5F5-E92EA4F956BB}.Release|Any CPU.ActiveCfg = Release|Any CPU
		{954A945C-E089-40F7-B5F5-E92EA4F956BB}.Release|Any CPU.Build.0 = Release|Any CPU
		{954A945C-E089-40F7-B5F5-E92EA4F956BB}.Release|Any CPU.Deploy.0 = Release|Any CPU
		{954A945C-E089-40F7-B5F5-E92EA4F956BB}.Release|ARM.ActiveCfg = Release|Any CPU
		{954A945C-E089-40F7-B5F5-E92EA4F956BB}.Release|ARM.Build.0 = Release|Any CPU
		{954A945C-E089-40F7-B5F5-E92EA4F956BB}.Release|ARM.Deploy.0 = Release|Any CPU
		{954A945C-E089-40F7-B5F5-E92EA4F956BB}.Release|iPhone.ActiveCfg = Release|Any CPU
		{954A945C-E089-40F7-B5F5-E92EA4F956BB}.Release|iPhone.Build.0 = Release|Any CPU
		{954A945C-E089-40F7-B5F5-E92EA4F956BB}.Release|iPhone.Deploy.0 = Release|Any CPU
		{954A945C-E089-40F7-B5F5-E92EA4F956BB}.Release|iPhoneSimulator.ActiveCfg = Release|Any CPU
		{954A945C-E089-40F7-B5F5-E92EA4F956BB}.Release|iPhoneSimulator.Build.0 = Release|Any CPU
		{954A945C-E089-40F7-B5F5-E92EA4F956BB}.Release|iPhoneSimulator.Deploy.0 = Release|Any CPU
		{954A945C-E089-40F7-B5F5-E92EA4F956BB}.Release|x64.ActiveCfg = Release|Any CPU
		{954A945C-E089-40F7-B5F5-E92EA4F956BB}.Release|x64.Build.0 = Release|Any CPU
		{954A945C-E089-40F7-B5F5-E92EA4F956BB}.Release|x64.Deploy.0 = Release|Any CPU
		{954A945C-E089-40F7-B5F5-E92EA4F956BB}.Release|x86.ActiveCfg = Release|Any CPU
		{954A945C-E089-40F7-B5F5-E92EA4F956BB}.Release|x86.Build.0 = Release|Any CPU
		{954A945C-E089-40F7-B5F5-E92EA4F956BB}.Release|x86.Deploy.0 = Release|Any CPU
		{8FD7CA76-DA71-4323-B7C3-4413060C9C8D}.Ad-Hoc|Any CPU.ActiveCfg = Ad-Hoc|iPhone
		{8FD7CA76-DA71-4323-B7C3-4413060C9C8D}.Ad-Hoc|ARM.ActiveCfg = Ad-Hoc|iPhone
		{8FD7CA76-DA71-4323-B7C3-4413060C9C8D}.Ad-Hoc|iPhone.ActiveCfg = Ad-Hoc|iPhone
		{8FD7CA76-DA71-4323-B7C3-4413060C9C8D}.Ad-Hoc|iPhone.Build.0 = Ad-Hoc|iPhone
		{8FD7CA76-DA71-4323-B7C3-4413060C9C8D}.Ad-Hoc|iPhoneSimulator.ActiveCfg = Ad-Hoc|iPhoneSimulator
		{8FD7CA76-DA71-4323-B7C3-4413060C9C8D}.Ad-Hoc|iPhoneSimulator.Build.0 = Ad-Hoc|iPhoneSimulator
		{8FD7CA76-DA71-4323-B7C3-4413060C9C8D}.Ad-Hoc|x64.ActiveCfg = Ad-Hoc|iPhone
		{8FD7CA76-DA71-4323-B7C3-4413060C9C8D}.Ad-Hoc|x86.ActiveCfg = Ad-Hoc|iPhone
		{8FD7CA76-DA71-4323-B7C3-4413060C9C8D}.AppStore|Any CPU.ActiveCfg = AppStore|iPhone
		{8FD7CA76-DA71-4323-B7C3-4413060C9C8D}.AppStore|ARM.ActiveCfg = AppStore|iPhone
		{8FD7CA76-DA71-4323-B7C3-4413060C9C8D}.AppStore|iPhone.ActiveCfg = AppStore|iPhone
		{8FD7CA76-DA71-4323-B7C3-4413060C9C8D}.AppStore|iPhone.Build.0 = AppStore|iPhone
		{8FD7CA76-DA71-4323-B7C3-4413060C9C8D}.AppStore|iPhoneSimulator.ActiveCfg = AppStore|iPhoneSimulator
		{8FD7CA76-DA71-4323-B7C3-4413060C9C8D}.AppStore|iPhoneSimulator.Build.0 = AppStore|iPhoneSimulator
		{8FD7CA76-DA71-4323-B7C3-4413060C9C8D}.AppStore|x64.ActiveCfg = AppStore|iPhone
		{8FD7CA76-DA71-4323-B7C3-4413060C9C8D}.AppStore|x86.ActiveCfg = AppStore|iPhone
		{8FD7CA76-DA71-4323-B7C3-4413060C9C8D}.Debug|Any CPU.ActiveCfg = Debug|iPhone
		{8FD7CA76-DA71-4323-B7C3-4413060C9C8D}.Debug|ARM.ActiveCfg = Debug|iPhone
		{8FD7CA76-DA71-4323-B7C3-4413060C9C8D}.Debug|iPhone.ActiveCfg = Debug|iPhone
		{8FD7CA76-DA71-4323-B7C3-4413060C9C8D}.Debug|iPhone.Build.0 = Debug|iPhone
		{8FD7CA76-DA71-4323-B7C3-4413060C9C8D}.Debug|iPhoneSimulator.ActiveCfg = Debug|iPhoneSimulator
		{8FD7CA76-DA71-4323-B7C3-4413060C9C8D}.Debug|iPhoneSimulator.Build.0 = Debug|iPhoneSimulator
		{8FD7CA76-DA71-4323-B7C3-4413060C9C8D}.Debug|x64.ActiveCfg = Debug|iPhone
		{8FD7CA76-DA71-4323-B7C3-4413060C9C8D}.Debug|x86.ActiveCfg = Debug|iPhone
		{8FD7CA76-DA71-4323-B7C3-4413060C9C8D}.Release|Any CPU.ActiveCfg = Release|iPhone
		{8FD7CA76-DA71-4323-B7C3-4413060C9C8D}.Release|ARM.ActiveCfg = Release|iPhone
		{8FD7CA76-DA71-4323-B7C3-4413060C9C8D}.Release|iPhone.ActiveCfg = Release|iPhone
		{8FD7CA76-DA71-4323-B7C3-4413060C9C8D}.Release|iPhone.Build.0 = Release|iPhone
		{8FD7CA76-DA71-4323-B7C3-4413060C9C8D}.Release|iPhoneSimulator.ActiveCfg = Release|iPhoneSimulator
		{8FD7CA76-DA71-4323-B7C3-4413060C9C8D}.Release|iPhoneSimulator.Build.0 = Release|iPhoneSimulator
		{8FD7CA76-DA71-4323-B7C3-4413060C9C8D}.Release|x64.ActiveCfg = Release|iPhone
		{8FD7CA76-DA71-4323-B7C3-4413060C9C8D}.Release|x86.ActiveCfg = Release|iPhone
		{654A3B6D-74E9-4756-81BB-CF0D1FD7A2C9}.Ad-Hoc|Any CPU.ActiveCfg = Release|x86
		{654A3B6D-74E9-4756-81BB-CF0D1FD7A2C9}.Ad-Hoc|Any CPU.Build.0 = Release|x86
		{654A3B6D-74E9-4756-81BB-CF0D1FD7A2C9}.Ad-Hoc|Any CPU.Deploy.0 = Release|x86
		{654A3B6D-74E9-4756-81BB-CF0D1FD7A2C9}.Ad-Hoc|ARM.ActiveCfg = Release|ARM
		{654A3B6D-74E9-4756-81BB-CF0D1FD7A2C9}.Ad-Hoc|ARM.Build.0 = Release|ARM
		{654A3B6D-74E9-4756-81BB-CF0D1FD7A2C9}.Ad-Hoc|ARM.Deploy.0 = Release|ARM
		{654A3B6D-74E9-4756-81BB-CF0D1FD7A2C9}.Ad-Hoc|iPhone.ActiveCfg = Release|x86
		{654A3B6D-74E9-4756-81BB-CF0D1FD7A2C9}.Ad-Hoc|iPhone.Build.0 = Release|x86
		{654A3B6D-74E9-4756-81BB-CF0D1FD7A2C9}.Ad-Hoc|iPhone.Deploy.0 = Release|x86
		{654A3B6D-74E9-4756-81BB-CF0D1FD7A2C9}.Ad-Hoc|iPhoneSimulator.ActiveCfg = Release|x86
		{654A3B6D-74E9-4756-81BB-CF0D1FD7A2C9}.Ad-Hoc|iPhoneSimulator.Build.0 = Release|x86
		{654A3B6D-74E9-4756-81BB-CF0D1FD7A2C9}.Ad-Hoc|iPhoneSimulator.Deploy.0 = Release|x86
		{654A3B6D-74E9-4756-81BB-CF0D1FD7A2C9}.Ad-Hoc|x64.ActiveCfg = Release|x64
		{654A3B6D-74E9-4756-81BB-CF0D1FD7A2C9}.Ad-Hoc|x64.Build.0 = Release|x64
		{654A3B6D-74E9-4756-81BB-CF0D1FD7A2C9}.Ad-Hoc|x64.Deploy.0 = Release|x64
		{654A3B6D-74E9-4756-81BB-CF0D1FD7A2C9}.Ad-Hoc|x86.ActiveCfg = Release|x86
		{654A3B6D-74E9-4756-81BB-CF0D1FD7A2C9}.Ad-Hoc|x86.Build.0 = Release|x86
		{654A3B6D-74E9-4756-81BB-CF0D1FD7A2C9}.Ad-Hoc|x86.Deploy.0 = Release|x86
		{654A3B6D-74E9-4756-81BB-CF0D1FD7A2C9}.AppStore|Any CPU.ActiveCfg = Release|x86
		{654A3B6D-74E9-4756-81BB-CF0D1FD7A2C9}.AppStore|Any CPU.Build.0 = Release|x86
		{654A3B6D-74E9-4756-81BB-CF0D1FD7A2C9}.AppStore|Any CPU.Deploy.0 = Release|x86
		{654A3B6D-74E9-4756-81BB-CF0D1FD7A2C9}.AppStore|ARM.ActiveCfg = Release|ARM
		{654A3B6D-74E9-4756-81BB-CF0D1FD7A2C9}.AppStore|ARM.Build.0 = Release|ARM
		{654A3B6D-74E9-4756-81BB-CF0D1FD7A2C9}.AppStore|ARM.Deploy.0 = Release|ARM
		{654A3B6D-74E9-4756-81BB-CF0D1FD7A2C9}.AppStore|iPhone.ActiveCfg = Release|x86
		{654A3B6D-74E9-4756-81BB-CF0D1FD7A2C9}.AppStore|iPhone.Build.0 = Release|x86
		{654A3B6D-74E9-4756-81BB-CF0D1FD7A2C9}.AppStore|iPhone.Deploy.0 = Release|x86
		{654A3B6D-74E9-4756-81BB-CF0D1FD7A2C9}.AppStore|iPhoneSimulator.ActiveCfg = Release|x86
		{654A3B6D-74E9-4756-81BB-CF0D1FD7A2C9}.AppStore|iPhoneSimulator.Build.0 = Release|x86
		{654A3B6D-74E9-4756-81BB-CF0D1FD7A2C9}.AppStore|iPhoneSimulator.Deploy.0 = Release|x86
		{654A3B6D-74E9-4756-81BB-CF0D1FD7A2C9}.AppStore|x64.ActiveCfg = Release|x64
		{654A3B6D-74E9-4756-81BB-CF0D1FD7A2C9}.AppStore|x64.Build.0 = Release|x64
		{654A3B6D-74E9-4756-81BB-CF0D1FD7A2C9}.AppStore|x64.Deploy.0 = Release|x64
		{654A3B6D-74E9-4756-81BB-CF0D1FD7A2C9}.AppStore|x86.ActiveCfg = Release|x86
		{654A3B6D-74E9-4756-81BB-CF0D1FD7A2C9}.AppStore|x86.Build.0 = Release|x86
		{654A3B6D-74E9-4756-81BB-CF0D1FD7A2C9}.AppStore|x86.Deploy.0 = Release|x86
		{654A3B6D-74E9-4756-81BB-CF0D1FD7A2C9}.Debug|Any CPU.ActiveCfg = Debug|x86
		{654A3B6D-74E9-4756-81BB-CF0D1FD7A2C9}.Debug|Any CPU.Build.0 = Debug|x86
		{654A3B6D-74E9-4756-81BB-CF0D1FD7A2C9}.Debug|Any CPU.Deploy.0 = Debug|x86
		{654A3B6D-74E9-4756-81BB-CF0D1FD7A2C9}.Debug|ARM.ActiveCfg = Debug|ARM
		{654A3B6D-74E9-4756-81BB-CF0D1FD7A2C9}.Debug|ARM.Build.0 = Debug|ARM
		{654A3B6D-74E9-4756-81BB-CF0D1FD7A2C9}.Debug|ARM.Deploy.0 = Debug|ARM
		{654A3B6D-74E9-4756-81BB-CF0D1FD7A2C9}.Debug|iPhone.ActiveCfg = Debug|x86
		{654A3B6D-74E9-4756-81BB-CF0D1FD7A2C9}.Debug|iPhoneSimulator.ActiveCfg = Debug|x86
		{654A3B6D-74E9-4756-81BB-CF0D1FD7A2C9}.Debug|x64.ActiveCfg = Debug|x64
		{654A3B6D-74E9-4756-81BB-CF0D1FD7A2C9}.Debug|x64.Build.0 = Debug|x64
		{654A3B6D-74E9-4756-81BB-CF0D1FD7A2C9}.Debug|x64.Deploy.0 = Debug|x64
		{654A3B6D-74E9-4756-81BB-CF0D1FD7A2C9}.Debug|x86.ActiveCfg = Debug|x86
		{654A3B6D-74E9-4756-81BB-CF0D1FD7A2C9}.Debug|x86.Build.0 = Debug|x86
		{654A3B6D-74E9-4756-81BB-CF0D1FD7A2C9}.Debug|x86.Deploy.0 = Debug|x86
		{654A3B6D-74E9-4756-81BB-CF0D1FD7A2C9}.Release|Any CPU.ActiveCfg = Release|x86
		{654A3B6D-74E9-4756-81BB-CF0D1FD7A2C9}.Release|ARM.ActiveCfg = Release|ARM
		{654A3B6D-74E9-4756-81BB-CF0D1FD7A2C9}.Release|ARM.Build.0 = Release|ARM
		{654A3B6D-74E9-4756-81BB-CF0D1FD7A2C9}.Release|ARM.Deploy.0 = Release|ARM
		{654A3B6D-74E9-4756-81BB-CF0D1FD7A2C9}.Release|iPhone.ActiveCfg = Release|x86
		{654A3B6D-74E9-4756-81BB-CF0D1FD7A2C9}.Release|iPhoneSimulator.ActiveCfg = Release|x86
		{654A3B6D-74E9-4756-81BB-CF0D1FD7A2C9}.Release|x64.ActiveCfg = Release|x64
		{654A3B6D-74E9-4756-81BB-CF0D1FD7A2C9}.Release|x64.Build.0 = Release|x64
		{654A3B6D-74E9-4756-81BB-CF0D1FD7A2C9}.Release|x64.Deploy.0 = Release|x64
		{654A3B6D-74E9-4756-81BB-CF0D1FD7A2C9}.Release|x86.ActiveCfg = Release|x86
		{654A3B6D-74E9-4756-81BB-CF0D1FD7A2C9}.Release|x86.Build.0 = Release|x86
		{654A3B6D-74E9-4756-81BB-CF0D1FD7A2C9}.Release|x86.Deploy.0 = Release|x86
		{9956A261-DE95-4213-92A2-3C3E0F783657}.Ad-Hoc|Any CPU.ActiveCfg = Release|Any CPU
		{9956A261-DE95-4213-92A2-3C3E0F783657}.Ad-Hoc|Any CPU.Build.0 = Release|Any CPU
		{9956A261-DE95-4213-92A2-3C3E0F783657}.Ad-Hoc|Any CPU.Deploy.0 = Release|Any CPU
		{9956A261-DE95-4213-92A2-3C3E0F783657}.Ad-Hoc|ARM.ActiveCfg = Release|ARM
		{9956A261-DE95-4213-92A2-3C3E0F783657}.Ad-Hoc|ARM.Build.0 = Release|ARM
		{9956A261-DE95-4213-92A2-3C3E0F783657}.Ad-Hoc|ARM.Deploy.0 = Release|ARM
		{9956A261-DE95-4213-92A2-3C3E0F783657}.Ad-Hoc|iPhone.ActiveCfg = Release|Any CPU
		{9956A261-DE95-4213-92A2-3C3E0F783657}.Ad-Hoc|iPhone.Build.0 = Release|Any CPU
		{9956A261-DE95-4213-92A2-3C3E0F783657}.Ad-Hoc|iPhone.Deploy.0 = Release|Any CPU
		{9956A261-DE95-4213-92A2-3C3E0F783657}.Ad-Hoc|iPhoneSimulator.ActiveCfg = Release|Any CPU
		{9956A261-DE95-4213-92A2-3C3E0F783657}.Ad-Hoc|iPhoneSimulator.Build.0 = Release|Any CPU
		{9956A261-DE95-4213-92A2-3C3E0F783657}.Ad-Hoc|iPhoneSimulator.Deploy.0 = Release|Any CPU
		{9956A261-DE95-4213-92A2-3C3E0F783657}.Ad-Hoc|x64.ActiveCfg = Release|x64
		{9956A261-DE95-4213-92A2-3C3E0F783657}.Ad-Hoc|x64.Build.0 = Release|x64
		{9956A261-DE95-4213-92A2-3C3E0F783657}.Ad-Hoc|x64.Deploy.0 = Release|x64
		{9956A261-DE95-4213-92A2-3C3E0F783657}.Ad-Hoc|x86.ActiveCfg = Release|x86
		{9956A261-DE95-4213-92A2-3C3E0F783657}.Ad-Hoc|x86.Build.0 = Release|x86
		{9956A261-DE95-4213-92A2-3C3E0F783657}.Ad-Hoc|x86.Deploy.0 = Release|x86
		{9956A261-DE95-4213-92A2-3C3E0F783657}.AppStore|Any CPU.ActiveCfg = Release|Any CPU
		{9956A261-DE95-4213-92A2-3C3E0F783657}.AppStore|Any CPU.Build.0 = Release|Any CPU
		{9956A261-DE95-4213-92A2-3C3E0F783657}.AppStore|Any CPU.Deploy.0 = Release|Any CPU
		{9956A261-DE95-4213-92A2-3C3E0F783657}.AppStore|ARM.ActiveCfg = Release|ARM
		{9956A261-DE95-4213-92A2-3C3E0F783657}.AppStore|ARM.Build.0 = Release|ARM
		{9956A261-DE95-4213-92A2-3C3E0F783657}.AppStore|ARM.Deploy.0 = Release|ARM
		{9956A261-DE95-4213-92A2-3C3E0F783657}.AppStore|iPhone.ActiveCfg = Release|Any CPU
		{9956A261-DE95-4213-92A2-3C3E0F783657}.AppStore|iPhone.Build.0 = Release|Any CPU
		{9956A261-DE95-4213-92A2-3C3E0F783657}.AppStore|iPhone.Deploy.0 = Release|Any CPU
		{9956A261-DE95-4213-92A2-3C3E0F783657}.AppStore|iPhoneSimulator.ActiveCfg = Release|Any CPU
		{9956A261-DE95-4213-92A2-3C3E0F783657}.AppStore|iPhoneSimulator.Build.0 = Release|Any CPU
		{9956A261-DE95-4213-92A2-3C3E0F783657}.AppStore|iPhoneSimulator.Deploy.0 = Release|Any CPU
		{9956A261-DE95-4213-92A2-3C3E0F783657}.AppStore|x64.ActiveCfg = Release|x64
		{9956A261-DE95-4213-92A2-3C3E0F783657}.AppStore|x64.Build.0 = Release|x64
		{9956A261-DE95-4213-92A2-3C3E0F783657}.AppStore|x64.Deploy.0 = Release|x64
		{9956A261-DE95-4213-92A2-3C3E0F783657}.AppStore|x86.ActiveCfg = Release|x86
		{9956A261-DE95-4213-92A2-3C3E0F783657}.AppStore|x86.Build.0 = Release|x86
		{9956A261-DE95-4213-92A2-3C3E0F783657}.AppStore|x86.Deploy.0 = Release|x86
		{9956A261-DE95-4213-92A2-3C3E0F783657}.Debug|Any CPU.ActiveCfg = Debug|Any CPU
		{9956A261-DE95-4213-92A2-3C3E0F783657}.Debug|Any CPU.Build.0 = Debug|Any CPU
		{9956A261-DE95-4213-92A2-3C3E0F783657}.Debug|Any CPU.Deploy.0 = Debug|Any CPU
		{9956A261-DE95-4213-92A2-3C3E0F783657}.Debug|ARM.ActiveCfg = Debug|ARM
		{9956A261-DE95-4213-92A2-3C3E0F783657}.Debug|ARM.Build.0 = Debug|ARM
		{9956A261-DE95-4213-92A2-3C3E0F783657}.Debug|ARM.Deploy.0 = Debug|ARM
		{9956A261-DE95-4213-92A2-3C3E0F783657}.Debug|iPhone.ActiveCfg = Debug|Any CPU
		{9956A261-DE95-4213-92A2-3C3E0F783657}.Debug|iPhone.Build.0 = Debug|Any CPU
		{9956A261-DE95-4213-92A2-3C3E0F783657}.Debug|iPhone.Deploy.0 = Debug|Any CPU
		{9956A261-DE95-4213-92A2-3C3E0F783657}.Debug|iPhoneSimulator.ActiveCfg = Debug|Any CPU
		{9956A261-DE95-4213-92A2-3C3E0F783657}.Debug|iPhoneSimulator.Build.0 = Debug|Any CPU
		{9956A261-DE95-4213-92A2-3C3E0F783657}.Debug|iPhoneSimulator.Deploy.0 = Debug|Any CPU
		{9956A261-DE95-4213-92A2-3C3E0F783657}.Debug|x64.ActiveCfg = Debug|x64
		{9956A261-DE95-4213-92A2-3C3E0F783657}.Debug|x64.Build.0 = Debug|x64
		{9956A261-DE95-4213-92A2-3C3E0F783657}.Debug|x64.Deploy.0 = Debug|x64
		{9956A261-DE95-4213-92A2-3C3E0F783657}.Debug|x86.ActiveCfg = Debug|x86
		{9956A261-DE95-4213-92A2-3C3E0F783657}.Debug|x86.Build.0 = Debug|x86
		{9956A261-DE95-4213-92A2-3C3E0F783657}.Debug|x86.Deploy.0 = Debug|x86
		{9956A261-DE95-4213-92A2-3C3E0F783657}.Release|Any CPU.ActiveCfg = Release|Any CPU
		{9956A261-DE95-4213-92A2-3C3E0F783657}.Release|Any CPU.Build.0 = Release|Any CPU
		{9956A261-DE95-4213-92A2-3C3E0F783657}.Release|Any CPU.Deploy.0 = Release|Any CPU
		{9956A261-DE95-4213-92A2-3C3E0F783657}.Release|ARM.ActiveCfg = Release|ARM
		{9956A261-DE95-4213-92A2-3C3E0F783657}.Release|ARM.Build.0 = Release|ARM
		{9956A261-DE95-4213-92A2-3C3E0F783657}.Release|ARM.Deploy.0 = Release|ARM
		{9956A261-DE95-4213-92A2-3C3E0F783657}.Release|iPhone.ActiveCfg = Release|Any CPU
		{9956A261-DE95-4213-92A2-3C3E0F783657}.Release|iPhone.Build.0 = Release|Any CPU
		{9956A261-DE95-4213-92A2-3C3E0F783657}.Release|iPhone.Deploy.0 = Release|Any CPU
		{9956A261-DE95-4213-92A2-3C3E0F783657}.Release|iPhoneSimulator.ActiveCfg = Release|Any CPU
		{9956A261-DE95-4213-92A2-3C3E0F783657}.Release|iPhoneSimulator.Build.0 = Release|Any CPU
		{9956A261-DE95-4213-92A2-3C3E0F783657}.Release|iPhoneSimulator.Deploy.0 = Release|Any CPU
		{9956A261-DE95-4213-92A2-3C3E0F783657}.Release|x64.ActiveCfg = Release|x64
		{9956A261-DE95-4213-92A2-3C3E0F783657}.Release|x64.Build.0 = Release|x64
		{9956A261-DE95-4213-92A2-3C3E0F783657}.Release|x64.Deploy.0 = Release|x64
		{9956A261-DE95-4213-92A2-3C3E0F783657}.Release|x86.ActiveCfg = Release|x86
		{9956A261-DE95-4213-92A2-3C3E0F783657}.Release|x86.Build.0 = Release|x86
		{9956A261-DE95-4213-92A2-3C3E0F783657}.Release|x86.Deploy.0 = Release|x86
		{E71B3B5F-BCE4-409B-9FD2-F908E290ABA5}.Ad-Hoc|Any CPU.ActiveCfg = Release|Any CPU
		{E71B3B5F-BCE4-409B-9FD2-F908E290ABA5}.Ad-Hoc|Any CPU.Build.0 = Release|Any CPU
		{E71B3B5F-BCE4-409B-9FD2-F908E290ABA5}.Ad-Hoc|Any CPU.Deploy.0 = Release|Any CPU
		{E71B3B5F-BCE4-409B-9FD2-F908E290ABA5}.Ad-Hoc|ARM.ActiveCfg = Release|ARM
		{E71B3B5F-BCE4-409B-9FD2-F908E290ABA5}.Ad-Hoc|ARM.Build.0 = Release|ARM
		{E71B3B5F-BCE4-409B-9FD2-F908E290ABA5}.Ad-Hoc|ARM.Deploy.0 = Release|ARM
		{E71B3B5F-BCE4-409B-9FD2-F908E290ABA5}.Ad-Hoc|iPhone.ActiveCfg = Release|Any CPU
		{E71B3B5F-BCE4-409B-9FD2-F908E290ABA5}.Ad-Hoc|iPhone.Build.0 = Release|Any CPU
		{E71B3B5F-BCE4-409B-9FD2-F908E290ABA5}.Ad-Hoc|iPhone.Deploy.0 = Release|Any CPU
		{E71B3B5F-BCE4-409B-9FD2-F908E290ABA5}.Ad-Hoc|iPhoneSimulator.ActiveCfg = Release|Any CPU
		{E71B3B5F-BCE4-409B-9FD2-F908E290ABA5}.Ad-Hoc|iPhoneSimulator.Build.0 = Release|Any CPU
		{E71B3B5F-BCE4-409B-9FD2-F908E290ABA5}.Ad-Hoc|iPhoneSimulator.Deploy.0 = Release|Any CPU
		{E71B3B5F-BCE4-409B-9FD2-F908E290ABA5}.Ad-Hoc|x64.ActiveCfg = Release|Any CPU
		{E71B3B5F-BCE4-409B-9FD2-F908E290ABA5}.Ad-Hoc|x64.Build.0 = Release|Any CPU
		{E71B3B5F-BCE4-409B-9FD2-F908E290ABA5}.Ad-Hoc|x64.Deploy.0 = Release|Any CPU
		{E71B3B5F-BCE4-409B-9FD2-F908E290ABA5}.Ad-Hoc|x86.ActiveCfg = Release|x86
		{E71B3B5F-BCE4-409B-9FD2-F908E290ABA5}.Ad-Hoc|x86.Build.0 = Release|x86
		{E71B3B5F-BCE4-409B-9FD2-F908E290ABA5}.Ad-Hoc|x86.Deploy.0 = Release|x86
		{E71B3B5F-BCE4-409B-9FD2-F908E290ABA5}.AppStore|Any CPU.ActiveCfg = Release|Any CPU
		{E71B3B5F-BCE4-409B-9FD2-F908E290ABA5}.AppStore|Any CPU.Build.0 = Release|Any CPU
		{E71B3B5F-BCE4-409B-9FD2-F908E290ABA5}.AppStore|Any CPU.Deploy.0 = Release|Any CPU
		{E71B3B5F-BCE4-409B-9FD2-F908E290ABA5}.AppStore|ARM.ActiveCfg = Release|ARM
		{E71B3B5F-BCE4-409B-9FD2-F908E290ABA5}.AppStore|ARM.Build.0 = Release|ARM
		{E71B3B5F-BCE4-409B-9FD2-F908E290ABA5}.AppStore|ARM.Deploy.0 = Release|ARM
		{E71B3B5F-BCE4-409B-9FD2-F908E290ABA5}.AppStore|iPhone.ActiveCfg = Release|Any CPU
		{E71B3B5F-BCE4-409B-9FD2-F908E290ABA5}.AppStore|iPhone.Build.0 = Release|Any CPU
		{E71B3B5F-BCE4-409B-9FD2-F908E290ABA5}.AppStore|iPhone.Deploy.0 = Release|Any CPU
		{E71B3B5F-BCE4-409B-9FD2-F908E290ABA5}.AppStore|iPhoneSimulator.ActiveCfg = Release|Any CPU
		{E71B3B5F-BCE4-409B-9FD2-F908E290ABA5}.AppStore|iPhoneSimulator.Build.0 = Release|Any CPU
		{E71B3B5F-BCE4-409B-9FD2-F908E290ABA5}.AppStore|iPhoneSimulator.Deploy.0 = Release|Any CPU
		{E71B3B5F-BCE4-409B-9FD2-F908E290ABA5}.AppStore|x64.ActiveCfg = Release|Any CPU
		{E71B3B5F-BCE4-409B-9FD2-F908E290ABA5}.AppStore|x64.Build.0 = Release|Any CPU
		{E71B3B5F-BCE4-409B-9FD2-F908E290ABA5}.AppStore|x64.Deploy.0 = Release|Any CPU
		{E71B3B5F-BCE4-409B-9FD2-F908E290ABA5}.AppStore|x86.ActiveCfg = Release|x86
		{E71B3B5F-BCE4-409B-9FD2-F908E290ABA5}.AppStore|x86.Build.0 = Release|x86
		{E71B3B5F-BCE4-409B-9FD2-F908E290ABA5}.AppStore|x86.Deploy.0 = Release|x86
		{E71B3B5F-BCE4-409B-9FD2-F908E290ABA5}.Debug|Any CPU.ActiveCfg = Debug|Any CPU
		{E71B3B5F-BCE4-409B-9FD2-F908E290ABA5}.Debug|Any CPU.Build.0 = Debug|Any CPU
		{E71B3B5F-BCE4-409B-9FD2-F908E290ABA5}.Debug|Any CPU.Deploy.0 = Debug|Any CPU
		{E71B3B5F-BCE4-409B-9FD2-F908E290ABA5}.Debug|ARM.ActiveCfg = Debug|ARM
		{E71B3B5F-BCE4-409B-9FD2-F908E290ABA5}.Debug|ARM.Build.0 = Debug|ARM
		{E71B3B5F-BCE4-409B-9FD2-F908E290ABA5}.Debug|ARM.Deploy.0 = Debug|ARM
		{E71B3B5F-BCE4-409B-9FD2-F908E290ABA5}.Debug|iPhone.ActiveCfg = Debug|Any CPU
		{E71B3B5F-BCE4-409B-9FD2-F908E290ABA5}.Debug|iPhone.Build.0 = Debug|Any CPU
		{E71B3B5F-BCE4-409B-9FD2-F908E290ABA5}.Debug|iPhone.Deploy.0 = Debug|Any CPU
		{E71B3B5F-BCE4-409B-9FD2-F908E290ABA5}.Debug|iPhoneSimulator.ActiveCfg = Debug|Any CPU
		{E71B3B5F-BCE4-409B-9FD2-F908E290ABA5}.Debug|iPhoneSimulator.Build.0 = Debug|Any CPU
		{E71B3B5F-BCE4-409B-9FD2-F908E290ABA5}.Debug|iPhoneSimulator.Deploy.0 = Debug|Any CPU
		{E71B3B5F-BCE4-409B-9FD2-F908E290ABA5}.Debug|x64.ActiveCfg = Debug|Any CPU
		{E71B3B5F-BCE4-409B-9FD2-F908E290ABA5}.Debug|x64.Build.0 = Debug|Any CPU
		{E71B3B5F-BCE4-409B-9FD2-F908E290ABA5}.Debug|x64.Deploy.0 = Debug|Any CPU
		{E71B3B5F-BCE4-409B-9FD2-F908E290ABA5}.Debug|x86.ActiveCfg = Debug|x86
		{E71B3B5F-BCE4-409B-9FD2-F908E290ABA5}.Debug|x86.Build.0 = Debug|x86
		{E71B3B5F-BCE4-409B-9FD2-F908E290ABA5}.Debug|x86.Deploy.0 = Debug|x86
		{E71B3B5F-BCE4-409B-9FD2-F908E290ABA5}.Release|Any CPU.ActiveCfg = Release|Any CPU
		{E71B3B5F-BCE4-409B-9FD2-F908E290ABA5}.Release|Any CPU.Build.0 = Release|Any CPU
		{E71B3B5F-BCE4-409B-9FD2-F908E290ABA5}.Release|Any CPU.Deploy.0 = Release|Any CPU
		{E71B3B5F-BCE4-409B-9FD2-F908E290ABA5}.Release|ARM.ActiveCfg = Release|ARM
		{E71B3B5F-BCE4-409B-9FD2-F908E290ABA5}.Release|ARM.Build.0 = Release|ARM
		{E71B3B5F-BCE4-409B-9FD2-F908E290ABA5}.Release|ARM.Deploy.0 = Release|ARM
		{E71B3B5F-BCE4-409B-9FD2-F908E290ABA5}.Release|iPhone.ActiveCfg = Release|Any CPU
		{E71B3B5F-BCE4-409B-9FD2-F908E290ABA5}.Release|iPhone.Build.0 = Release|Any CPU
		{E71B3B5F-BCE4-409B-9FD2-F908E290ABA5}.Release|iPhone.Deploy.0 = Release|Any CPU
		{E71B3B5F-BCE4-409B-9FD2-F908E290ABA5}.Release|iPhoneSimulator.ActiveCfg = Release|Any CPU
		{E71B3B5F-BCE4-409B-9FD2-F908E290ABA5}.Release|iPhoneSimulator.Build.0 = Release|Any CPU
		{E71B3B5F-BCE4-409B-9FD2-F908E290ABA5}.Release|iPhoneSimulator.Deploy.0 = Release|Any CPU
		{E71B3B5F-BCE4-409B-9FD2-F908E290ABA5}.Release|x64.ActiveCfg = Release|Any CPU
		{E71B3B5F-BCE4-409B-9FD2-F908E290ABA5}.Release|x64.Build.0 = Release|Any CPU
		{E71B3B5F-BCE4-409B-9FD2-F908E290ABA5}.Release|x64.Deploy.0 = Release|Any CPU
		{E71B3B5F-BCE4-409B-9FD2-F908E290ABA5}.Release|x86.ActiveCfg = Release|x86
		{E71B3B5F-BCE4-409B-9FD2-F908E290ABA5}.Release|x86.Build.0 = Release|x86
		{E71B3B5F-BCE4-409B-9FD2-F908E290ABA5}.Release|x86.Deploy.0 = Release|x86
		{14C534B6-1984-41A9-A384-D3A5508588E3}.Ad-Hoc|Any CPU.ActiveCfg = Release|Any CPU
		{14C534B6-1984-41A9-A384-D3A5508588E3}.Ad-Hoc|Any CPU.Build.0 = Release|Any CPU
		{14C534B6-1984-41A9-A384-D3A5508588E3}.Ad-Hoc|ARM.ActiveCfg = Release|Any CPU
		{14C534B6-1984-41A9-A384-D3A5508588E3}.Ad-Hoc|ARM.Build.0 = Release|Any CPU
		{14C534B6-1984-41A9-A384-D3A5508588E3}.Ad-Hoc|iPhone.ActiveCfg = Release|Any CPU
		{14C534B6-1984-41A9-A384-D3A5508588E3}.Ad-Hoc|iPhone.Build.0 = Release|Any CPU
		{14C534B6-1984-41A9-A384-D3A5508588E3}.Ad-Hoc|iPhoneSimulator.ActiveCfg = Release|Any CPU
		{14C534B6-1984-41A9-A384-D3A5508588E3}.Ad-Hoc|iPhoneSimulator.Build.0 = Release|Any CPU
		{14C534B6-1984-41A9-A384-D3A5508588E3}.Ad-Hoc|x64.ActiveCfg = Release|Any CPU
		{14C534B6-1984-41A9-A384-D3A5508588E3}.Ad-Hoc|x64.Build.0 = Release|Any CPU
		{14C534B6-1984-41A9-A384-D3A5508588E3}.Ad-Hoc|x86.ActiveCfg = Release|Any CPU
		{14C534B6-1984-41A9-A384-D3A5508588E3}.Ad-Hoc|x86.Build.0 = Release|Any CPU
		{14C534B6-1984-41A9-A384-D3A5508588E3}.AppStore|Any CPU.ActiveCfg = Release|Any CPU
		{14C534B6-1984-41A9-A384-D3A5508588E3}.AppStore|Any CPU.Build.0 = Release|Any CPU
		{14C534B6-1984-41A9-A384-D3A5508588E3}.AppStore|ARM.ActiveCfg = Release|Any CPU
		{14C534B6-1984-41A9-A384-D3A5508588E3}.AppStore|ARM.Build.0 = Release|Any CPU
		{14C534B6-1984-41A9-A384-D3A5508588E3}.AppStore|iPhone.ActiveCfg = Release|Any CPU
		{14C534B6-1984-41A9-A384-D3A5508588E3}.AppStore|iPhone.Build.0 = Release|Any CPU
		{14C534B6-1984-41A9-A384-D3A5508588E3}.AppStore|iPhoneSimulator.ActiveCfg = Release|Any CPU
		{14C534B6-1984-41A9-A384-D3A5508588E3}.AppStore|iPhoneSimulator.Build.0 = Release|Any CPU
		{14C534B6-1984-41A9-A384-D3A5508588E3}.AppStore|x64.ActiveCfg = Release|Any CPU
		{14C534B6-1984-41A9-A384-D3A5508588E3}.AppStore|x64.Build.0 = Release|Any CPU
		{14C534B6-1984-41A9-A384-D3A5508588E3}.AppStore|x86.ActiveCfg = Release|Any CPU
		{14C534B6-1984-41A9-A384-D3A5508588E3}.AppStore|x86.Build.0 = Release|Any CPU
		{14C534B6-1984-41A9-A384-D3A5508588E3}.Debug|Any CPU.ActiveCfg = Debug|Any CPU
		{14C534B6-1984-41A9-A384-D3A5508588E3}.Debug|Any CPU.Build.0 = Debug|Any CPU
		{14C534B6-1984-41A9-A384-D3A5508588E3}.Debug|ARM.ActiveCfg = Debug|Any CPU
		{14C534B6-1984-41A9-A384-D3A5508588E3}.Debug|ARM.Build.0 = Debug|Any CPU
		{14C534B6-1984-41A9-A384-D3A5508588E3}.Debug|iPhone.ActiveCfg = Debug|Any CPU
		{14C534B6-1984-41A9-A384-D3A5508588E3}.Debug|iPhone.Build.0 = Debug|Any CPU
		{14C534B6-1984-41A9-A384-D3A5508588E3}.Debug|iPhoneSimulator.ActiveCfg = Debug|Any CPU
		{14C534B6-1984-41A9-A384-D3A5508588E3}.Debug|iPhoneSimulator.Build.0 = Debug|Any CPU
		{14C534B6-1984-41A9-A384-D3A5508588E3}.Debug|x64.ActiveCfg = Debug|Any CPU
		{14C534B6-1984-41A9-A384-D3A5508588E3}.Debug|x64.Build.0 = Debug|Any CPU
		{14C534B6-1984-41A9-A384-D3A5508588E3}.Debug|x86.ActiveCfg = Debug|Any CPU
		{14C534B6-1984-41A9-A384-D3A5508588E3}.Debug|x86.Build.0 = Debug|Any CPU
		{14C534B6-1984-41A9-A384-D3A5508588E3}.Release|Any CPU.ActiveCfg = Release|Any CPU
		{14C534B6-1984-41A9-A384-D3A5508588E3}.Release|Any CPU.Build.0 = Release|Any CPU
		{14C534B6-1984-41A9-A384-D3A5508588E3}.Release|ARM.ActiveCfg = Release|Any CPU
		{14C534B6-1984-41A9-A384-D3A5508588E3}.Release|ARM.Build.0 = Release|Any CPU
		{14C534B6-1984-41A9-A384-D3A5508588E3}.Release|iPhone.ActiveCfg = Release|Any CPU
		{14C534B6-1984-41A9-A384-D3A5508588E3}.Release|iPhone.Build.0 = Release|Any CPU
		{14C534B6-1984-41A9-A384-D3A5508588E3}.Release|iPhoneSimulator.ActiveCfg = Release|Any CPU
		{14C534B6-1984-41A9-A384-D3A5508588E3}.Release|iPhoneSimulator.Build.0 = Release|Any CPU
		{14C534B6-1984-41A9-A384-D3A5508588E3}.Release|x64.ActiveCfg = Release|Any CPU
		{14C534B6-1984-41A9-A384-D3A5508588E3}.Release|x64.Build.0 = Release|Any CPU
		{14C534B6-1984-41A9-A384-D3A5508588E3}.Release|x86.ActiveCfg = Release|Any CPU
		{14C534B6-1984-41A9-A384-D3A5508588E3}.Release|x86.Build.0 = Release|Any CPU
	EndGlobalSection
	GlobalSection(SolutionProperties) = preSolution
		HideSolutionNode = FALSE
	EndGlobalSection
	GlobalSection(NestedProjects) = preSolution
		{4AD2518E-5801-410A-B48C-37462B679E17} = {60069A27-E4E4-4F95-9FFA-9ED98055FE26}
		{954A945C-E089-40F7-B5F5-E92EA4F956BB} = {60069A27-E4E4-4F95-9FFA-9ED98055FE26}
		{8FD7CA76-DA71-4323-B7C3-4413060C9C8D} = {60069A27-E4E4-4F95-9FFA-9ED98055FE26}
		{654A3B6D-74E9-4756-81BB-CF0D1FD7A2C9} = {60069A27-E4E4-4F95-9FFA-9ED98055FE26}
		{9956A261-DE95-4213-92A2-3C3E0F783657} = {60069A27-E4E4-4F95-9FFA-9ED98055FE26}
		{E71B3B5F-BCE4-409B-9FD2-F908E290ABA5} = {60069A27-E4E4-4F95-9FFA-9ED98055FE26}
	EndGlobalSection
EndGlobal
